
Microsoft Visual Studio Solution File, Format Version 12.00
# Visual Studio Version 17
VisualStudioVersion = 17.13.35825.156 d17.13
MinimumVisualStudioVersion = 10.0.40219.1
Project("{FAE04EC0-301F-11D3-BF4B-00C04F79EFBC}") = "GestiuneMercerie", "GestiuneMercerie.csproj", "{C26A0B54-9102-425B-9A3C-EDF15716A28E}"
EndProject
Project("{FAE04EC0-301F-11D3-BF4B-00C04F79EFBC}") = "NivelStocareDate", "..\NivelStocareDate\NivelStocareDate.csproj", "{17D8135E-0FA0-40B4-8E5E-D35CB1962802}"
EndProject
Global
	GlobalSection(SolutionConfigurationPlatforms) = preSolution
		Debug|Any CPU = Debug|Any CPU
		Release|Any CPU = Release|Any CPU
	EndGlobalSection
	GlobalSection(ProjectConfigurationPlatforms) = postSolution
		{C26A0B54-9102-425B-9A3C-EDF15716A28E}.Debug|Any CPU.ActiveCfg = Debug|Any CPU
		{C26A0B54-9102-425B-9A3C-EDF15716A28E}.Debug|Any CPU.Build.0 = Debug|Any CPU
		{C26A0B54-9102-425B-9A3C-EDF15716A28E}.Release|Any CPU.ActiveCfg = Release|Any CPU
		{C26A0B54-9102-425B-9A3C-EDF15716A28E}.Release|Any CPU.Build.0 = Release|Any CPU
		{17D8135E-0FA0-40B4-8E5E-D35CB1962802}.Debug|Any CPU.ActiveCfg = Debug|Any CPU
		{17D8135E-0FA0-40B4-8E5E-D35CB1962802}.Debug|Any CPU.Build.0 = Debug|Any CPU
		{17D8135E-0FA0-40B4-8E5E-D35CB1962802}.Release|Any CPU.ActiveCfg = Release|Any CPU
		{17D8135E-0FA0-40B4-8E5E-D35CB1962802}.Release|Any CPU.Build.0 = Release|Any CPU
	EndGlobalSection
	GlobalSection(SolutionProperties) = preSolution
		HideSolutionNode = FALSE
	EndGlobalSection
	GlobalSection(ExtensibilityGlobals) = postSolution
		SolutionGuid = {3B69CCA6-F616-4679-B3FD-D7F1AF83DE62}
	EndGlobalSection
EndGlobal
